
Microsoft Visual Studio Solution File, Format Version 12.00
# Visual Studio Version 16
VisualStudioVersion = 16.0.31515.178
MinimumVisualStudioVersion = 10.0.40219.1
Project("{FAE04EC0-301F-11D3-BF4B-00C04F79EFBC}") = "homework", "homework.csproj", "{B9EBFF19-C9DE-47B4-AF66-25F0AC0E3389}"
EndProject
Global
	GlobalSection(SolutionConfigurationPlatforms) = preSolution
		Debug|Any CPU = Debug|Any CPU
		Release|Any CPU = Release|Any CPU
	EndGlobalSection
	GlobalSection(ProjectConfigurationPlatforms) = postSolution
		{B9EBFF19-C9DE-47B4-AF66-25F0AC0E3389}.Debug|Any CPU.ActiveCfg = Debug|Any CPU
		{B9EBFF19-C9DE-47B4-AF66-25F0AC0E3389}.Debug|Any CPU.Build.0 = Debug|Any CPU
		{B9EBFF19-C9DE-47B4-AF66-25F0AC0E3389}.Release|Any CPU.ActiveCfg = Release|Any CPU
		{B9EBFF19-C9DE-47B4-AF66-25F0AC0E3389}.Release|Any CPU.Build.0 = Release|Any CPU
	EndGlobalSection
	GlobalSection(SolutionProperties) = preSolution
		HideSolutionNode = FALSE
	EndGlobalSection
	GlobalSection(ExtensibilityGlobals) = postSolution
		SolutionGuid = {170909DE-D8BF-44C5-9781-69D08681D723}
	EndGlobalSection
EndGlobal
