
Microsoft Visual Studio Solution File, Format Version 12.00
# Visual Studio Version 16
VisualStudioVersion = 16.0.31515.178
MinimumVisualStudioVersion = 10.0.40219.1
Project("{FAE04EC0-301F-11D3-BF4B-00C04F79EFBC}") = "ConsoleApp2", "ConsoleApp2.csproj", "{F552FC26-A452-49C1-82FD-E9572F68239C}"
EndProject
Global
	GlobalSection(SolutionConfigurationPlatforms) = preSolution
		Debug|Any CPU = Debug|Any CPU
		Release|Any CPU = Release|Any CPU
	EndGlobalSection
	GlobalSection(ProjectConfigurationPlatforms) = postSolution
		{F552FC26-A452-49C1-82FD-E9572F68239C}.Debug|Any CPU.ActiveCfg = Debug|Any CPU
		{F552FC26-A452-49C1-82FD-E9572F68239C}.Debug|Any CPU.Build.0 = Debug|Any CPU
		{F552FC26-A452-49C1-82FD-E9572F68239C}.Release|Any CPU.ActiveCfg = Release|Any CPU
		{F552FC26-A452-49C1-82FD-E9572F68239C}.Release|Any CPU.Build.0 = Release|Any CPU
	EndGlobalSection
	GlobalSection(SolutionProperties) = preSolution
		HideSolutionNode = FALSE
	EndGlobalSection
	GlobalSection(ExtensibilityGlobals) = postSolution
		SolutionGuid = {B6311AD6-925F-4BDD-99A0-C5D6B9E43BD4}
	EndGlobalSection
EndGlobal
